# THIS IS AN AUTOGENERATED FILE. DO NOT EDIT THIS FILE DIRECTLY.
# yarn lockfile v1


"@codama/cli@1.0.10":
  version "1.0.10"
  resolved "https://registry.yarnpkg.com/@codama/cli/-/cli-1.0.10.tgz#47876d450a2a74704b15a872987c5c9e25f855cf"
  integrity sha512-zKfQZYIqu834fno5ra6H/rlqFlNWNJ5tU5spxxVBOwECX3oUZc5+ED9Vu6cOP/FRgs6FI24/d603P6iSz0vuuA==
  dependencies:
    "@codama/nodes" "1.2.11"
    "@codama/nodes-from-anchor" "1.1.11"
    "@codama/renderers" "1.0.19"
    "@codama/renderers-js" "1.2.10"
    "@codama/renderers-js-umi" "1.1.12"
    "@codama/renderers-rust" "1.0.19"
    "@codama/visitors" "1.2.11"
    "@codama/visitors-core" "1.2.11"
    commander "^13.1.0"
    picocolors "^1.1.1"
    prompts "^2.4.2"

"@codama/errors@1.2.11":
  version "1.2.11"
  resolved "https://registry.yarnpkg.com/@codama/errors/-/errors-1.2.11.tgz#0fd4880a185f58b318b808542e12b4b2d703a36c"
  integrity sha512-npkIj4bqLMENt2HPtxzLitaduwtl/kaQkW1lFJJdJR7Fu1rD0R4jQkiysqvzMggviOFMnR2/ANutXxKy3NaqQA==
  dependencies:
    "@codama/node-types" "1.2.11"
    chalk "^5.4.1"
    commander "^13.1.0"

"@codama/node-types@1.2.11":
  version "1.2.11"
  resolved "https://registry.yarnpkg.com/@codama/node-types/-/node-types-1.2.11.tgz#7d0e97a97abf611ee000f57887779a4bb821aeb0"
  integrity sha512-4yUA2uYwC/VmtyiRZe+89mWJ3BiN9D6mckiYgvpyOHTNtQ0y35CQpPloJzb0hiRcWIuVaOmV+AWqZrZn5wbzkg==

"@codama/nodes-from-anchor@1.1.11":
  version "1.1.11"
  resolved "https://registry.yarnpkg.com/@codama/nodes-from-anchor/-/nodes-from-anchor-1.1.11.tgz#2bfa7628743d366ecda1200f0d600009c8e65e41"
  integrity sha512-OpBGlmZnHhbOhHfJ8uKcUP5/ZESjVGV/xyxB5XDRHyBFzUOuxGheAm1/fC9M7K5pNtxEaOk8Ouq9U72cvAK0Xw==
  dependencies:
    "@codama/errors" "1.2.11"
    "@codama/nodes" "1.2.11"
    "@codama/visitors" "1.2.11"
    "@noble/hashes" "^1.7.1"
    "@solana/codecs" "2.1.0"

"@codama/nodes@1.2.11":
  version "1.2.11"
  resolved "https://registry.yarnpkg.com/@codama/nodes/-/nodes-1.2.11.tgz#8813b542978d075b366d30a37282e4dd32e70913"
  integrity sha512-+cJrFHYcNMwjgfChgY3ujbUNu8dmsokcbq5UGzuS5CCSJ8g7t3SIc07tTj/VJwZnKrClCSiKl12chP7Q0Vc2Rw==
  dependencies:
    "@codama/errors" "1.2.11"
    "@codama/node-types" "1.2.11"

"@codama/renderers-core@1.0.13":
  version "1.0.13"
  resolved "https://registry.yarnpkg.com/@codama/renderers-core/-/renderers-core-1.0.13.tgz#0befce270320bd357e214c61b822916725295282"
  integrity sha512-1/IDgYlsKi1CZCJ6imyiIk/BJDYNKzUnwfD0m/HwLOhzyKZwn0OAbMMQuKkBgcclmzD/izxmHxYHJvAJZSBl+w==
  dependencies:
    "@codama/errors" "1.2.11"
    "@codama/nodes" "1.2.11"
    "@codama/visitors-core" "1.2.11"

"@codama/renderers-js-umi@1.1.12":
  version "1.1.12"
  resolved "https://registry.yarnpkg.com/@codama/renderers-js-umi/-/renderers-js-umi-1.1.12.tgz#5a93138d8a8c64b627742159410ae166cea0bbe6"
  integrity sha512-Ne3hdMBPDdfXgXTjFoxeSSoOLP44ecCryG/H0t2okNau3IB6NO3DN13xn4xtC/l3JO6bdjxggyPg8QZEw8lc5g==
  dependencies:
    "@codama/errors" "1.2.11"
    "@codama/nodes" "1.2.11"
    "@codama/renderers-core" "1.0.13"
    "@codama/validators" "1.2.11"
    "@codama/visitors-core" "1.2.11"
    "@solana/codecs-strings" rc
    nunjucks "^3.2.4"
    prettier "^3.5.3"

"@codama/renderers-js@1.2.10":
  version "1.2.10"
  resolved "https://registry.yarnpkg.com/@codama/renderers-js/-/renderers-js-1.2.10.tgz#60e597f5d5dac0015beeffdc410963d4ee2a34ea"
  integrity sha512-rGlrmP5Rs90taX2IDKjHskDXhfVFMajfnCq1RFNg4/2XoEtWeXPkhQTWVUgn0q9tBAcvQCWyea2IfjGjjk5XMA==
  dependencies:
    "@codama/errors" "1.2.11"
    "@codama/nodes" "1.2.11"
    "@codama/nodes-from-anchor" "1.1.11"
    "@codama/renderers-core" "1.0.13"
    "@codama/visitors-core" "1.2.11"
    "@solana/codecs-strings" rc
    nunjucks "^3.2.4"
    prettier "^3.5.3"

"@codama/renderers-rust@1.0.19":
  version "1.0.19"
  resolved "https://registry.yarnpkg.com/@codama/renderers-rust/-/renderers-rust-1.0.19.tgz#81c97286a520af30327136e1c9870b5376a7917d"
  integrity sha512-ur2oQsMZ0P/g0DXY4tcw6Hznsq8ax1n968lfUNnxMHNBYr3zdhfJRBvzsF7RtcYkEvengOafQn1N5AlsNv1GBA==
  dependencies:
    "@codama/errors" "1.2.11"
    "@codama/nodes" "1.2.11"
    "@codama/renderers-core" "1.0.13"
    "@codama/visitors-core" "1.2.11"
    "@solana/codecs-strings" rc
    nunjucks "^3.2.4"

"@codama/renderers@1.0.19":
  version "1.0.19"
  resolved "https://registry.yarnpkg.com/@codama/renderers/-/renderers-1.0.19.tgz#f9df46e025ffb34858529306651a8f041939c432"
  integrity sha512-gzc+dOVyzIkPjEEZiEcQLAHS+7hJL9hU4x5ZiMJfemLLapk/wIg7fH1s5alw3oDh6HosZouVtnAYp1OOukH88A==
  dependencies:
    "@codama/renderers-js" "1.2.10"
    "@codama/renderers-js-umi" "1.1.12"
    "@codama/renderers-rust" "1.0.19"

"@codama/validators@1.2.11":
  version "1.2.11"
  resolved "https://registry.yarnpkg.com/@codama/validators/-/validators-1.2.11.tgz#36054f046b47d2fde0641e866a31268c38412cff"
  integrity sha512-67j+GEIZqq1Qh8eZe63Dnh21zzeVoJQbj56uek8VYLevgt9qfO8hdI9D/XGg7xM+o2fKa9g3NlwO5jOSG+1oLQ==
  dependencies:
    "@codama/errors" "1.2.11"
    "@codama/nodes" "1.2.11"
    "@codama/visitors-core" "1.2.11"

"@codama/visitors-core@1.2.11":
  version "1.2.11"
  resolved "https://registry.yarnpkg.com/@codama/visitors-core/-/visitors-core-1.2.11.tgz#7db0eb91d6e0c7ed8434b4d1226487e740293467"
  integrity sha512-+hf5NT7DzxxVus+z3mVVrE53hW60E83ao64Ya3zyVFa+vLCUnAcYgrpL8I6UU391QymgDa0NfYJXedgjqWkfGw==
  dependencies:
    "@codama/errors" "1.2.11"
    "@codama/nodes" "1.2.11"
    json-stable-stringify "^1.2.1"

"@codama/visitors@1.2.11":
  version "1.2.11"
  resolved "https://registry.yarnpkg.com/@codama/visitors/-/visitors-1.2.11.tgz#aeeb7e03344a50fbc7c0db74be6129800da8b647"
  integrity sha512-UxqVUcXFJFdCdpkKXiEmHRaLhIJIyAQijmt1hMb1LoWnPe2yavkuVdo5cPuJqZ/lImu4+LDVZz7Tk7l3iZG8uw==
  dependencies:
    "@codama/errors" "1.2.11"
    "@codama/nodes" "1.2.11"
    "@codama/visitors-core" "1.2.11"

"@cspotcode/source-map-support@^0.8.0":
  version "0.8.1"
  resolved "https://registry.yarnpkg.com/@cspotcode/source-map-support/-/source-map-support-0.8.1.tgz#00629c35a688e05a88b1cda684fb9d5e73f000a1"
  integrity sha512-IchNf6dN4tHoMFIn/7OE8LWZ19Y6q/67Bmf6vnGREv8RSbBVb9LPJxEcnwrcwX6ixSvaiGoomAUvu4YSxXrVgw==
  dependencies:
    "@jridgewell/trace-mapping" "0.3.9"

"@jridgewell/resolve-uri@^3.0.3":
  version "3.1.2"
  resolved "https://registry.yarnpkg.com/@jridgewell/resolve-uri/-/resolve-uri-3.1.2.tgz#7a0ee601f60f99a20c7c7c5ff0c80388c1189bd6"
  integrity sha512-bRISgCIjP20/tbWSPWMEi54QVPRZExkuD9lJL+UIxUKtwVJA8wW1Trb1jMs1RFXo1CBTNZ/5hpC9QvmKWdopKw==

"@jridgewell/sourcemap-codec@^1.4.10":
  version "1.5.0"
  resolved "https://registry.yarnpkg.com/@jridgewell/sourcemap-codec/-/sourcemap-codec-1.5.0.tgz#3188bcb273a414b0d215fd22a58540b989b9409a"
  integrity sha512-gv3ZRaISU3fjPAgNsriBRqGWQL6quFx04YMPW/zD8XMLsU32mhCCbfbO6KZFLjvYpCZ8zyDEgqsgf+PwPaM7GQ==

"@jridgewell/trace-mapping@0.3.9":
  version "0.3.9"
  resolved "https://registry.yarnpkg.com/@jridgewell/trace-mapping/-/trace-mapping-0.3.9.tgz#6534fd5933a53ba7cbf3a17615e273a0d1273ff9"
  integrity sha512-3Belt6tdc8bPgAtbcmdtNJlirVoTmEb5e2gC94PnkwEW9jI6CAHUeoG85tjWP5WquqfavoMtMwiG4P926ZKKuQ==
  dependencies:
    "@jridgewell/resolve-uri" "^3.0.3"
    "@jridgewell/sourcemap-codec" "^1.4.10"

"@noble/hashes@^1.7.1":
  version "1.7.2"
  resolved "https://registry.yarnpkg.com/@noble/hashes/-/hashes-1.7.2.tgz#d53c65a21658fb02f3303e7ee3ba89d6754c64b4"
  integrity sha512-biZ0NUSxyjLLqo6KxEJ1b+C2NAx0wtDoFvCaXHGgUkeHzf3Xc1xKumFKREuT7f7DARNZ/slvYUwFG6B0f2b6hQ==

"@solana-program/compute-budget@^0.7.0":
  version "0.7.0"
  resolved "https://registry.yarnpkg.com/@solana-program/compute-budget/-/compute-budget-0.7.0.tgz#a9e30b2bb4f9d11b8b8eef926b1ce258c6382431"
  integrity sha512-/JJSE1fKO5zx7Z55Z2tLGWBDDi7tUE+xMlK8qqkHlY51KpqksMsIBzQMkG9Dqhoe2Cnn5/t3QK1nJKqW6eHzpg==

"@solana-program/system@^0.7.0":
  version "0.7.0"
  resolved "https://registry.yarnpkg.com/@solana-program/system/-/system-0.7.0.tgz#3e21c9fb31d3795eb65ba5cb663947c19b305bad"
  integrity sha512-FKTBsKHpvHHNc1ATRm7SlC5nF/VdJtOSjldhcyfMN9R7xo712Mo2jHIzvBgn8zQO5Kg0DcWuKB7268Kv1ocicw==

"@solana/accounts@2.1.0":
  version "2.1.0"
  resolved "https://registry.yarnpkg.com/@solana/accounts/-/accounts-2.1.0.tgz#23fa5ba20dd7af9bfb84abc638096378b62c7276"
  integrity sha512-1JOBiLFeIeHmGx7k1b23UWF9vM1HAh9GBMCzr5rBPrGSBs+QUgxBJ3+yrRg+UPEOSELubqo7qoOVFUKYsb1nXw==
  dependencies:
    "@solana/addresses" "2.1.0"
    "@solana/codecs-core" "2.1.0"
    "@solana/codecs-strings" "2.1.0"
    "@solana/errors" "2.1.0"
    "@solana/rpc-spec" "2.1.0"
    "@solana/rpc-types" "2.1.0"

"@solana/addresses@2.1.0":
  version "2.1.0"
  resolved "https://registry.yarnpkg.com/@solana/addresses/-/addresses-2.1.0.tgz#28b07b46c41c101a1c1d894b905f27b847c095a8"
  integrity sha512-IgiRuju2yLz14GnrysOPSNZbZQ8F+7jhx7FYZLrbKogf6NX4wy4ijLHxRsLFqP8o8aY69BZULkM9MwrSjsZi7A==
  dependencies:
    "@solana/assertions" "2.1.0"
    "@solana/codecs-core" "2.1.0"
    "@solana/codecs-strings" "2.1.0"
    "@solana/errors" "2.1.0"

"@solana/assertions@2.1.0":
  version "2.1.0"
  resolved "https://registry.yarnpkg.com/@solana/assertions/-/assertions-2.1.0.tgz#ba32442e5a70ca8ddaec2d857dde1a57c5569689"
  integrity sha512-KCYmxFRsg897Ec7yGdpc0rniOlqGD3NpicmIjWIV87uiXX5uFco4t+01sKyFlhsv4T4OgHxngMsxkfQ3AUkFVg==
  dependencies:
    "@solana/errors" "2.1.0"

"@solana/codecs-core@2.0.0-rc.4":
  version "2.0.0-rc.4"
  resolved "https://registry.yarnpkg.com/@solana/codecs-core/-/codecs-core-2.0.0-rc.4.tgz#c4280d68877a078df4b430871db159f95534fcd3"
  integrity sha512-JIrTSps032mSE3wBxW3bXOqWfoy4CMy1CX/XeVCijyh5kLVxZTSDIdRTYdePdL1yzaOZF1Xysvt1DhOUgBdM+A==
  dependencies:
    "@solana/errors" "2.0.0-rc.4"

"@solana/codecs-core@2.1.0":
  version "2.1.0"
  resolved "https://registry.yarnpkg.com/@solana/codecs-core/-/codecs-core-2.1.0.tgz#79ac28fbcde4a09d88f4360777ceeb30ec14e3f1"
  integrity sha512-SR7pKtmJBg2mhmkel2NeHA1pz06QeQXdMv8WJoIR9m8F/hw80K/612uaYbwTt2nkK0jg/Qn/rNSd7EcJ4SBGjw==
  dependencies:
    "@solana/errors" "2.1.0"

"@solana/codecs-data-structures@2.1.0":
  version "2.1.0"
  resolved "https://registry.yarnpkg.com/@solana/codecs-data-structures/-/codecs-data-structures-2.1.0.tgz#32d8be437b055c2f395dd2b8f43d9b92a39daa91"
  integrity sha512-oDF5ek54kirqJ09q8k/qEpobBiWOhd3CkkGOTyfjsmTF/IGIigNbdYIakxV3+vudBeaNBw08y0XdBYI4JL/nqA==
  dependencies:
    "@solana/codecs-core" "2.1.0"
    "@solana/codecs-numbers" "2.1.0"
    "@solana/errors" "2.1.0"

"@solana/codecs-numbers@2.0.0-rc.4":
  version "2.0.0-rc.4"
  resolved "https://registry.yarnpkg.com/@solana/codecs-numbers/-/codecs-numbers-2.0.0-rc.4.tgz#ad95848d64dbaab4f6f0935d042df00802c84bba"
  integrity sha512-ZJR7TaUO65+3Hzo3YOOUCS0wlzh17IW+j0MZC2LCk1R0woaypRpHKj4iSMYeQOZkMxsd9QT3WNvjFrPC2qA6Sw==
  dependencies:
    "@solana/codecs-core" "2.0.0-rc.4"
    "@solana/errors" "2.0.0-rc.4"

"@solana/codecs-numbers@2.1.0":
  version "2.1.0"
  resolved "https://registry.yarnpkg.com/@solana/codecs-numbers/-/codecs-numbers-2.1.0.tgz#f6a1a9009ace56238d8d9478dd5d375b09c6342a"
  integrity sha512-XMu4yw5iCgQnMKsxSWPPOrGgtaohmupN3eyAtYv3K3C/MJEc5V90h74k5B1GUCiHvcrdUDO9RclNjD9lgbjFag==
  dependencies:
    "@solana/codecs-core" "2.1.0"
    "@solana/errors" "2.1.0"

"@solana/codecs-strings@2.1.0":
  version "2.1.0"
  resolved "https://registry.yarnpkg.com/@solana/codecs-strings/-/codecs-strings-2.1.0.tgz#13a92930b21e4d8e7a064f623c817f2082574f1a"
  integrity sha512-O/eJFLzFrHomcCR1Y5QbIqoPo7iaJaWNnIeskB4mVhVjLyjlJS4WtBP2NBRzM9uJXaXyOxxKroqqO9zFsHOpvQ==
  dependencies:
    "@solana/codecs-core" "2.1.0"
    "@solana/codecs-numbers" "2.1.0"
    "@solana/errors" "2.1.0"

"@solana/codecs-strings@rc":
  version "2.0.0-rc.4"
  resolved "https://registry.yarnpkg.com/@solana/codecs-strings/-/codecs-strings-2.0.0-rc.4.tgz#6a9223c074ab2422a7da3a8fc60cd398c6b8e167"
  integrity sha512-LGfK2RL0BKjYYUfzu2FG/gTgCsYOMz9FKVs2ntji6WneZygPxJTV5W98K3J8Rl0JewpCSCFQH3xjLSHBJUS0fA==
  dependencies:
    "@solana/codecs-core" "2.0.0-rc.4"
    "@solana/codecs-numbers" "2.0.0-rc.4"
    "@solana/errors" "2.0.0-rc.4"

"@solana/codecs@2.1.0":
  version "2.1.0"
  resolved "https://registry.yarnpkg.com/@solana/codecs/-/codecs-2.1.0.tgz#0516f2c840c5173fdadc9783511e25f1c3ea0e65"
  integrity sha512-C0TnfrpbTg7zoIFYfM65ofeL2AWEz80OsD6mjVdcTKpb1Uj7XuBuNLss3dMnatPQaL7RagD9VLA5/WfYayyteQ==
  dependencies:
    "@solana/codecs-core" "2.1.0"
    "@solana/codecs-data-structures" "2.1.0"
    "@solana/codecs-numbers" "2.1.0"
    "@solana/codecs-strings" "2.1.0"
    "@solana/options" "2.1.0"

"@solana/errors@2.0.0-rc.4":
  version "2.0.0-rc.4"
  resolved "https://registry.yarnpkg.com/@solana/errors/-/errors-2.0.0-rc.4.tgz#4a5aa0d82206b07f31e729262f47def34397ac61"
  integrity sha512-0PPaMyB81keEHG/1pnyEuiBVKctbXO641M2w3CIOrYT/wzjunfF0FTxsqq9wYJeYo0AyiefCKGgSPs6wiY2PpQ==
  dependencies:
    chalk "^5.3.0"
    commander "^12.1.0"

"@solana/errors@2.1.0":
  version "2.1.0"
  resolved "https://registry.yarnpkg.com/@solana/errors/-/errors-2.1.0.tgz#1a139965fcb8bec610cc1c6194d53d169f4b5852"
  integrity sha512-l+GxAv0Ar4d3c3PlZdA9G++wFYZREEbbRyAFP8+n8HSg0vudCuzogh/13io6hYuUhG/9Ve8ARZNamhV7UScKNw==
  dependencies:
    chalk "^5.3.0"
    commander "^13.1.0"

"@solana/fast-stable-stringify@2.1.0":
  version "2.1.0"
  resolved "https://registry.yarnpkg.com/@solana/fast-stable-stringify/-/fast-stable-stringify-2.1.0.tgz#df24390539968c2e7157c0757961b097fc7ee1fa"
  integrity sha512-a8vR92qbe/VsvQ1BpN3PIEwnoHD2fTHEwCJh9GG58z3R15RIjk73gc0khjcdg4U1tZwTJqWkvk8SbDIgGdOgMA==

"@solana/functional@2.1.0":
  version "2.1.0"
  resolved "https://registry.yarnpkg.com/@solana/functional/-/functional-2.1.0.tgz#01c80d870479a8a6d14dd511fd0ae0262fc2e09d"
  integrity sha512-RVij8Av4F2uUOFcEC8n9lgD72e9gQMritmGHhMh+G91Xops4I6Few+oQ++XgSTiL2t3g3Cs0QZ13onZ0FL45FQ==

"@solana/instructions@2.1.0":
  version "2.1.0"
  resolved "https://registry.yarnpkg.com/@solana/instructions/-/instructions-2.1.0.tgz#67ac468ff9293cf881392c8180950c4023b8dff0"
  integrity sha512-wfn6e7Rgm0Sw/Th1v/pXsKTvloZvAAQI7j1yc9WcIk9ngqH5p6LhqMMkrwYPB2oTk8+MMr7SZ4E+2eK2gL6ODA==
  dependencies:
    "@solana/codecs-core" "2.1.0"
    "@solana/errors" "2.1.0"

"@solana/keys@2.1.0":
  version "2.1.0"
  resolved "https://registry.yarnpkg.com/@solana/keys/-/keys-2.1.0.tgz#c0f8940bfa4e2fa052aa1b955cbdb1e742e31fe8"
  integrity sha512-esY1+dlZjB18hZML5p+YPec29wi3HH0SzKx7RiqF//dI2cJ6vHfq3F+7ArbNnF6R2YCLFtl7DzS/tkqR2Xkxeg==
  dependencies:
    "@solana/assertions" "2.1.0"
    "@solana/codecs-core" "2.1.0"
    "@solana/codecs-strings" "2.1.0"
    "@solana/errors" "2.1.0"

"@solana/kit@^2.1.0":
  version "2.1.0"
  resolved "https://registry.yarnpkg.com/@solana/kit/-/kit-2.1.0.tgz#57ed0fd74c4330e3b0e25e961ed1264e7f8a0c24"
  integrity sha512-vqaHROLKp89xdIbaKVG6BQ44uMN9E6/rSTeltkvquD2qdTObssafGDbAKVFjwZhlNO+sdzHDCLekGabn5VAL6A==
  dependencies:
    "@solana/accounts" "2.1.0"
    "@solana/addresses" "2.1.0"
    "@solana/codecs" "2.1.0"
    "@solana/errors" "2.1.0"
    "@solana/functional" "2.1.0"
    "@solana/instructions" "2.1.0"
    "@solana/keys" "2.1.0"
    "@solana/programs" "2.1.0"
    "@solana/rpc" "2.1.0"
    "@solana/rpc-parsed-types" "2.1.0"
    "@solana/rpc-spec-types" "2.1.0"
    "@solana/rpc-subscriptions" "2.1.0"
    "@solana/rpc-types" "2.1.0"
    "@solana/signers" "2.1.0"
    "@solana/sysvars" "2.1.0"
    "@solana/transaction-confirmation" "2.1.0"
    "@solana/transaction-messages" "2.1.0"
    "@solana/transactions" "2.1.0"

"@solana/options@2.1.0":
  version "2.1.0"
  resolved "https://registry.yarnpkg.com/@solana/options/-/options-2.1.0.tgz#7ff65ea30f7f9ee481306e63b22545fea1c27552"
  integrity sha512-T/vJCr8qnwK6HxriOPXCrx31IpA9ZYecxuOzQ3G74kIayED4spmpXp6PLtRYR/fo2LZ6UcgHN0qSgONnvwEweg==
  dependencies:
    "@solana/codecs-core" "2.1.0"
    "@solana/codecs-data-structures" "2.1.0"
    "@solana/codecs-numbers" "2.1.0"
    "@solana/codecs-strings" "2.1.0"
    "@solana/errors" "2.1.0"

"@solana/programs@2.1.0":
  version "2.1.0"
  resolved "https://registry.yarnpkg.com/@solana/programs/-/programs-2.1.0.tgz#3ae57734a0ab6985cc016d90d1b8bde55edeee46"
  integrity sha512-9Y30/yUbTR99+QRN2ukNXQQTGY68oKmVrXnh/et6StM1JF5WHvAJqBigsHG5bt6KxTISoRuncBnH/IRnDqPxKg==
  dependencies:
    "@solana/addresses" "2.1.0"
    "@solana/errors" "2.1.0"

"@solana/promises@2.1.0":
  version "2.1.0"
  resolved "https://registry.yarnpkg.com/@solana/promises/-/promises-2.1.0.tgz#d740e440d85533cdf796f694e90fcb557dabdde9"
  integrity sha512-eQJaQXA2kD4dVyifzhslV3wOvq27fwOJ4az89BQ4Cz83zPbR94xOeDShwcXrKBYqaUf6XqH5MzdEo14t4tKAFQ==

"@solana/rpc-api@2.1.0":
  version "2.1.0"
  resolved "https://registry.yarnpkg.com/@solana/rpc-api/-/rpc-api-2.1.0.tgz#d4efc40d6e0dc42cf99c8e21344b71378a8bbb87"
  integrity sha512-4yCnHYHFlz9VffivoY5q/HVeBjT59byB2gmg7UyC3ktxD28AlF9jjsE5tJKiapAKr2J3KWm0D/rH/QwW14cGeA==
  dependencies:
    "@solana/addresses" "2.1.0"
    "@solana/codecs-core" "2.1.0"
    "@solana/codecs-strings" "2.1.0"
    "@solana/errors" "2.1.0"
    "@solana/keys" "2.1.0"
    "@solana/rpc-parsed-types" "2.1.0"
    "@solana/rpc-spec" "2.1.0"
    "@solana/rpc-transformers" "2.1.0"
    "@solana/rpc-types" "2.1.0"
    "@solana/transaction-messages" "2.1.0"
    "@solana/transactions" "2.1.0"

"@solana/rpc-parsed-types@2.1.0":
  version "2.1.0"
  resolved "https://registry.yarnpkg.com/@solana/rpc-parsed-types/-/rpc-parsed-types-2.1.0.tgz#7e197942a1c2c96286d4e4df9db41796d4033d1a"
  integrity sha512-mRzHemxlWDS9p1fPQNKwL+1vEOUMG8peSUJb0X/NbM12yjowDNdzM++fkOgIyCKDPddfkcoNmNrQmr2jwjdN1Q==

"@solana/rpc-spec-types@2.1.0":
  version "2.1.0"
  resolved "https://registry.yarnpkg.com/@solana/rpc-spec-types/-/rpc-spec-types-2.1.0.tgz#3285766dffeffb6612bb837b5f9bac9d1386d595"
  integrity sha512-NxcZ8piXMyCdbNUL6d36QJfL2UAQEN33StlGku0ltTVe1nrokZ5WRNjSPohU1fODlNaZzTvUFzvUkM1yGCkyzw==

"@solana/rpc-spec@2.1.0":
  version "2.1.0"
  resolved "https://registry.yarnpkg.com/@solana/rpc-spec/-/rpc-spec-2.1.0.tgz#ae28b04930a80c1f79c0fb6bb18ff9ba90f7ec1e"
  integrity sha512-NPAIM5EY7Jke0mHnmoMpgCEb/nZKIo+bgVFK/u+z74gY0JnCNt0DfocStUUQtlhqSmTyoHamt3lfxp4GT2zXbA==
  dependencies:
    "@solana/errors" "2.1.0"
    "@solana/rpc-spec-types" "2.1.0"

"@solana/rpc-subscriptions-api@2.1.0":
  version "2.1.0"
  resolved "https://registry.yarnpkg.com/@solana/rpc-subscriptions-api/-/rpc-subscriptions-api-2.1.0.tgz#7b588452aec5e9c661889737ea9f2d2d03a28a81"
  integrity sha512-de1dBRSE2CUwoZHMXQ/0v7iC+/pG0+iYY8jLHGGNxtKrYbTnV08mXQbaAMrmv2Rk8ZFmfJWbqbYZ9dRWdO3P5g==
  dependencies:
    "@solana/addresses" "2.1.0"
    "@solana/keys" "2.1.0"
    "@solana/rpc-subscriptions-spec" "2.1.0"
    "@solana/rpc-transformers" "2.1.0"
    "@solana/rpc-types" "2.1.0"
    "@solana/transaction-messages" "2.1.0"
    "@solana/transactions" "2.1.0"

"@solana/rpc-subscriptions-channel-websocket@2.1.0":
  version "2.1.0"
  resolved "https://registry.yarnpkg.com/@solana/rpc-subscriptions-channel-websocket/-/rpc-subscriptions-channel-websocket-2.1.0.tgz#17ca9df1a57e5f6cf7c6de5b777e561b3896e69f"
  integrity sha512-goJe9dv0cs967HJ382vSX8yapXgQzRHCmH323LsXrrpj/s3Eb3yUwJq7AcHgoh4gKIqyAfGybq/bE5Aa8Pcm9g==
  dependencies:
    "@solana/errors" "2.1.0"
    "@solana/functional" "2.1.0"
    "@solana/rpc-subscriptions-spec" "2.1.0"
    "@solana/subscribable" "2.1.0"

"@solana/rpc-subscriptions-spec@2.1.0":
  version "2.1.0"
  resolved "https://registry.yarnpkg.com/@solana/rpc-subscriptions-spec/-/rpc-subscriptions-spec-2.1.0.tgz#5675d65b60c9c96a633a01951edb3eac347d71b1"
  integrity sha512-Uqasfd3Tlr22lC/Vy5dToF0e68dMKPdnt4ks7FwXuPdEbNRM/TDGb0GqG+bt/d3IIrNOCA5Y8vsE0nQHGrWG/w==
  dependencies:
    "@solana/errors" "2.1.0"
    "@solana/promises" "2.1.0"
    "@solana/rpc-spec-types" "2.1.0"
    "@solana/subscribable" "2.1.0"

"@solana/rpc-subscriptions@2.1.0":
  version "2.1.0"
  resolved "https://registry.yarnpkg.com/@solana/rpc-subscriptions/-/rpc-subscriptions-2.1.0.tgz#5b86072009682ea31d1f19b21426c7f04ed92411"
  integrity sha512-dTyI03VlueE3s7mA/OBlA5l6yKUUKHMJd31tpzxV3AFnqE/QPS5NVrF/WY6pPBobLJiCP0UFOe7eR/MKP9SUCA==
  dependencies:
    "@solana/errors" "2.1.0"
    "@solana/fast-stable-stringify" "2.1.0"
    "@solana/functional" "2.1.0"
    "@solana/promises" "2.1.0"
    "@solana/rpc-spec-types" "2.1.0"
    "@solana/rpc-subscriptions-api" "2.1.0"
    "@solana/rpc-subscriptions-channel-websocket" "2.1.0"
    "@solana/rpc-subscriptions-spec" "2.1.0"
    "@solana/rpc-transformers" "2.1.0"
    "@solana/rpc-types" "2.1.0"
    "@solana/subscribable" "2.1.0"

"@solana/rpc-transformers@2.1.0":
  version "2.1.0"
  resolved "https://registry.yarnpkg.com/@solana/rpc-transformers/-/rpc-transformers-2.1.0.tgz#216be58f9369794f74a77a17ea51e6f531d4ef83"
  integrity sha512-E2xPlaCu6tNO00v4HIJxJCYkoNwgVJYad5sxbIUZOQBWwXnWIcll2jUT4bWKpBGq5vFDYfkzRBr8Rco3DhfXqg==
  dependencies:
    "@solana/errors" "2.1.0"
    "@solana/functional" "2.1.0"
    "@solana/rpc-spec-types" "2.1.0"
    "@solana/rpc-types" "2.1.0"

"@solana/rpc-transport-http@2.1.0":
  version "2.1.0"
  resolved "https://registry.yarnpkg.com/@solana/rpc-transport-http/-/rpc-transport-http-2.1.0.tgz#397e0a0747d01153524e030cb6cb41a2f2cc2c04"
  integrity sha512-E3UovTBid4/S8QDd9FkADVKfyG+v7CW5IqI4c27ZDKfazCsnDLLkqh98C6BvNCqi278HKBui4lI2GoFpCq89Pw==
  dependencies:
    "@solana/errors" "2.1.0"
    "@solana/rpc-spec" "2.1.0"
    "@solana/rpc-spec-types" "2.1.0"
    undici-types "^7.3.0"

"@solana/rpc-types@2.1.0":
  version "2.1.0"
  resolved "https://registry.yarnpkg.com/@solana/rpc-types/-/rpc-types-2.1.0.tgz#3b4b515a1da36ffff7386f8ba831fddcebf3dde3"
  integrity sha512-1ODnhmpR1X/GjB7hs4gVR3mcCagfPQV0dzq/2DNuCiMjx2snn64KP5WoAHfBEyoC9/Rb36+JpNj/hLAOikipKA==
  dependencies:
    "@solana/addresses" "2.1.0"
    "@solana/codecs-core" "2.1.0"
    "@solana/codecs-numbers" "2.1.0"
    "@solana/codecs-strings" "2.1.0"
    "@solana/errors" "2.1.0"

"@solana/rpc@2.1.0":
  version "2.1.0"
  resolved "https://registry.yarnpkg.com/@solana/rpc/-/rpc-2.1.0.tgz#9320f562537da880e76843cc5c7d815fa030e7c3"
  integrity sha512-myg9qAo6b2WKyHSMXURQykb+ZRnNEXBPLEcwRwkos8STzPPyRFg6ady2s0FCQQTtL/pVjanIU2bObZIzbMGugA==
  dependencies:
    "@solana/errors" "2.1.0"
    "@solana/fast-stable-stringify" "2.1.0"
    "@solana/functional" "2.1.0"
    "@solana/rpc-api" "2.1.0"
    "@solana/rpc-spec" "2.1.0"
    "@solana/rpc-spec-types" "2.1.0"
    "@solana/rpc-transformers" "2.1.0"
    "@solana/rpc-transport-http" "2.1.0"
    "@solana/rpc-types" "2.1.0"

"@solana/signers@2.1.0":
  version "2.1.0"
  resolved "https://registry.yarnpkg.com/@solana/signers/-/signers-2.1.0.tgz#3bdf5ec358c5243cdf49702e5d6dc260e531da34"
  integrity sha512-Yq0JdJnCecRsSBshNWy+OIRmAGeVfjwIh9Z+H1jv8u8p+dJCOreKakTWuxMt5tnj3q5K1mPcak9O2PqVPZ0teA==
  dependencies:
    "@solana/addresses" "2.1.0"
    "@solana/codecs-core" "2.1.0"
    "@solana/errors" "2.1.0"
    "@solana/instructions" "2.1.0"
    "@solana/keys" "2.1.0"
    "@solana/transaction-messages" "2.1.0"
    "@solana/transactions" "2.1.0"

"@solana/subscribable@2.1.0":
  version "2.1.0"
  resolved "https://registry.yarnpkg.com/@solana/subscribable/-/subscribable-2.1.0.tgz#690880897ff4953dc79230d7fb8ed7f3fa8fd527"
  integrity sha512-xi12Cm889+uT5sRKnIzr7nLnHAp3hiR3dqIzrT1P7z7iEGp8OnqUQIQCHlgozFHM2cPW+6685NQXk1l1ImuJIw==
  dependencies:
    "@solana/errors" "2.1.0"

"@solana/sysvars@2.1.0":
  version "2.1.0"
  resolved "https://registry.yarnpkg.com/@solana/sysvars/-/sysvars-2.1.0.tgz#4e2c6df16e84e3ce43d9d33b68583c9eded1ee00"
  integrity sha512-GXu9yS0zIebmM1Unqw/XFpYuvug03m42w98ioOPV/yiHzECggGRGpHGD9RLVYnkyz0eL4NRbnJ5dAEu/fvGe0A==
  dependencies:
    "@solana/accounts" "2.1.0"
    "@solana/codecs" "2.1.0"
    "@solana/errors" "2.1.0"
    "@solana/rpc-types" "2.1.0"

"@solana/transaction-confirmation@2.1.0":
  version "2.1.0"
  resolved "https://registry.yarnpkg.com/@solana/transaction-confirmation/-/transaction-confirmation-2.1.0.tgz#a0e8f911c84cc2503ae20307bdc479b1adfa23a9"
  integrity sha512-VxOvtvs2e9h5u73PHyE2TptLAMO5x6dOXlOgvq1Nk6l3rKM2HAsd+KDpN7gjOo8/EgItMMmyEilXygWWRgpSIA==
  dependencies:
    "@solana/addresses" "2.1.0"
    "@solana/codecs-strings" "2.1.0"
    "@solana/errors" "2.1.0"
    "@solana/keys" "2.1.0"
    "@solana/promises" "2.1.0"
    "@solana/rpc" "2.1.0"
    "@solana/rpc-subscriptions" "2.1.0"
    "@solana/rpc-types" "2.1.0"
    "@solana/transaction-messages" "2.1.0"
    "@solana/transactions" "2.1.0"

"@solana/transaction-messages@2.1.0":
  version "2.1.0"
  resolved "https://registry.yarnpkg.com/@solana/transaction-messages/-/transaction-messages-2.1.0.tgz#2a38e44cc036875409da99b2ecef4a1e8eedb010"
  integrity sha512-+GPzZHLYNFbqHKoiL8mYALp7eAXtAbI6zLViZpIM3zUbVNU3q5+FCKGv6jCBnxs+3QCbeapu+W1OyfDa6BUtTQ==
  dependencies:
    "@solana/addresses" "2.1.0"
    "@solana/codecs-core" "2.1.0"
    "@solana/codecs-data-structures" "2.1.0"
    "@solana/codecs-numbers" "2.1.0"
    "@solana/errors" "2.1.0"
    "@solana/functional" "2.1.0"
    "@solana/instructions" "2.1.0"
    "@solana/rpc-types" "2.1.0"

"@solana/transactions@2.1.0":
  version "2.1.0"
  resolved "https://registry.yarnpkg.com/@solana/transactions/-/transactions-2.1.0.tgz#d51d8ede0cc218cc03ba822929f567b4475a3508"
  integrity sha512-QeM4sCItReeIy5LU7LhGkz7RPfMPTg/Qo8h0LSfhiJiPTOHOhElmh42vkLJmwPl83+MsKtisyPQNK6penM2nAw==
  dependencies:
    "@solana/addresses" "2.1.0"
    "@solana/codecs-core" "2.1.0"
    "@solana/codecs-data-structures" "2.1.0"
    "@solana/codecs-numbers" "2.1.0"
    "@solana/codecs-strings" "2.1.0"
    "@solana/errors" "2.1.0"
    "@solana/functional" "2.1.0"
    "@solana/instructions" "2.1.0"
    "@solana/keys" "2.1.0"
    "@solana/rpc-types" "2.1.0"
    "@solana/transaction-messages" "2.1.0"

"@tsconfig/node10@^1.0.7":
  version "1.0.11"
  resolved "https://registry.yarnpkg.com/@tsconfig/node10/-/node10-1.0.11.tgz#6ee46400685f130e278128c7b38b7e031ff5b2f2"
  integrity sha512-DcRjDCujK/kCk/cUe8Xz8ZSpm8mS3mNNpta+jGCA6USEDfktlNvm1+IuZ9eTcDbNk41BHwpHHeW+N1lKCz4zOw==

"@tsconfig/node12@^1.0.7":
  version "1.0.11"
  resolved "https://registry.yarnpkg.com/@tsconfig/node12/-/node12-1.0.11.tgz#ee3def1f27d9ed66dac6e46a295cffb0152e058d"
  integrity sha512-cqefuRsh12pWyGsIoBKJA9luFu3mRxCA+ORZvA4ktLSzIuCUtWVxGIuXigEwO5/ywWFMZ2QEGKWvkZG1zDMTag==

"@tsconfig/node14@^1.0.0":
  version "1.0.3"
  resolved "https://registry.yarnpkg.com/@tsconfig/node14/-/node14-1.0.3.tgz#e4386316284f00b98435bf40f72f75a09dabf6c1"
  integrity sha512-ysT8mhdixWK6Hw3i1V2AeRqZ5WfXg1G43mqoYlM2nc6388Fq5jcXyr5mRsqViLx/GJYdoL0bfXD8nmF+Zn/Iow==

"@tsconfig/node16@^1.0.2":
  version "1.0.4"
  resolved "https://registry.yarnpkg.com/@tsconfig/node16/-/node16-1.0.4.tgz#0b92dcc0cc1c81f6f306a381f28e31b1a56536e9"
  integrity sha512-vxhUy4J8lyeyinH7Azl1pdd43GJhZH/tP2weN8TntQblOY+A0XbT8DJk1/oCPuOOyg/Ja757rG0CgHcWC8OfMA==

"@types/bn.js@^5.1.6":
  version "5.1.6"
  resolved "https://registry.yarnpkg.com/@types/bn.js/-/bn.js-5.1.6.tgz#9ba818eec0c85e4d3c679518428afdf611d03203"
  integrity sha512-Xh8vSwUeMKeYYrj3cX4lGQgFSF/N03r+tv4AiLl1SucqV+uTQpxRcnM8AkXKHwYP9ZPXOYXRr2KPXpVlIvqh9w==
  dependencies:
    "@types/node" "*"

"@types/node@*", "@types/node@^22.14.1":
  version "22.14.1"
  resolved "https://registry.yarnpkg.com/@types/node/-/node-22.14.1.tgz#53b54585cec81c21eee3697521e31312d6ca1e6f"
  integrity sha512-u0HuPQwe/dHrItgHHpmw3N2fYCR6x4ivMNbPHRkBVP4CvN+kiRrKHWk3i8tXiO/joPwXLMYvF9TTF0eqgHIuOw==
  dependencies:
    undici-types "~6.21.0"

a-sync-waterfall@^1.0.0:
  version "1.0.1"
  resolved "https://registry.yarnpkg.com/a-sync-waterfall/-/a-sync-waterfall-1.0.1.tgz#75b6b6aa72598b497a125e7a2770f14f4c8a1fa7"
  integrity sha512-RYTOHHdWipFUliRFMCS4X2Yn2X8M87V/OpSqWzKKOGhzqyUxzyVmhHDH9sAvG+ZuQf/TAOFsLCpMw09I1ufUnA==

acorn-walk@^8.1.1:
  version "8.3.4"
  resolved "https://registry.yarnpkg.com/acorn-walk/-/acorn-walk-8.3.4.tgz#794dd169c3977edf4ba4ea47583587c5866236b7"
  integrity sha512-ueEepnujpqee2o5aIYnvHU6C0A42MNdsIDeqy5BydrkuC5R1ZuUFnm27EeFJGoEHJQgn3uleRvmTXaJgfXbt4g==
  dependencies:
    acorn "^8.11.0"

acorn@^8.11.0, acorn@^8.4.1:
  version "8.14.1"
  resolved "https://registry.yarnpkg.com/acorn/-/acorn-8.14.1.tgz#721d5dc10f7d5b5609a891773d47731796935dfb"
  integrity sha512-OvQ/2pUDKmgfCg++xsTX1wGxfTaszcHVcTctW4UJB4hibJx2HXxxO5UmVgyjMa+ZDsiaf5wWLXYpRWMmBI0QHg==

arg@^4.1.0:
  version "4.1.3"
  resolved "https://registry.yarnpkg.com/arg/-/arg-4.1.3.tgz#269fc7ad5b8e42cb63c896d5666017261c144089"
  integrity sha512-58S9QDqG0Xx27YwPSt9fJxivjYl432YCwfDMfZ+71RAqUrZef7LrKQZ3LHLOwCS4FLNBplP533Zx895SeOCHvA==

asap@^2.0.3:
  version "2.0.6"
  resolved "https://registry.yarnpkg.com/asap/-/asap-2.0.6.tgz#e50347611d7e690943208bbdafebcbc2fb866d46"
  integrity sha512-BSHWgDSAiKs50o2Re8ppvp3seVHXSRM44cdSsT9FfNEUUZLOGWVCsiWaRPWM1Znn+mqZ1OfVZ3z3DWEzSp7hRA==

bn.js@^5.2.1:
  version "5.2.1"
  resolved "https://registry.yarnpkg.com/bn.js/-/bn.js-5.2.1.tgz#0bc527a6a0d18d0aa8d5b0538ce4a77dccfa7b70"
  integrity sha512-eXRvHzWyYPBuB4NBy0cmYQjGitUrtqwbvlzP3G6VFnNRbsZQIxQ10PbKKHt8gZ/HW/D/747aDl+QkDqg3KQLMQ==

call-bind-apply-helpers@^1.0.0, call-bind-apply-helpers@^1.0.1, call-bind-apply-helpers@^1.0.2:
  version "1.0.2"
  resolved "https://registry.yarnpkg.com/call-bind-apply-helpers/-/call-bind-apply-helpers-1.0.2.tgz#4b5428c222be985d79c3d82657479dbe0b59b2d6"
  integrity sha512-Sp1ablJ0ivDkSzjcaJdxEunN5/XvksFJ2sMBFfq6x0ryhQV/2b/KwFe21cMpmHtPOSij8K99/wSfoEuTObmuMQ==
  dependencies:
    es-errors "^1.3.0"
    function-bind "^1.1.2"

call-bind@^1.0.8:
  version "1.0.8"
  resolved "https://registry.yarnpkg.com/call-bind/-/call-bind-1.0.8.tgz#0736a9660f537e3388826f440d5ec45f744eaa4c"
  integrity sha512-oKlSFMcMwpUg2ednkhQ454wfWiU/ul3CkJe/PEHcTKuiX6RpbehUiFMXu13HalGZxfUwCQzZG747YXBn1im9ww==
  dependencies:
    call-bind-apply-helpers "^1.0.0"
    es-define-property "^1.0.0"
    get-intrinsic "^1.2.4"
    set-function-length "^1.2.2"

call-bound@^1.0.3:
  version "1.0.4"
  resolved "https://registry.yarnpkg.com/call-bound/-/call-bound-1.0.4.tgz#238de935d2a2a692928c538c7ccfa91067fd062a"
  integrity sha512-+ys997U96po4Kx/ABpBCqhA9EuxJaQWDQg7295H4hBphv3IZg0boBKuwYpt4YXp6MZ5AmZQnU/tyMTlRpaSejg==
  dependencies:
    call-bind-apply-helpers "^1.0.2"
    get-intrinsic "^1.3.0"

chalk@^5.3.0, chalk@^5.4.1:
  version "5.4.1"
  resolved "https://registry.yarnpkg.com/chalk/-/chalk-5.4.1.tgz#1b48bf0963ec158dce2aacf69c093ae2dd2092d8"
  integrity sha512-zgVZuo2WcZgfUEmsn6eO3kINexW8RAE4maiQ8QNs8CtpPCSyMiYsULR3HQYkm3w8FIA3SberyMJMSldGsW+U3w==

codama@^1.2.11:
  version "1.2.11"
  resolved "https://registry.yarnpkg.com/codama/-/codama-1.2.11.tgz#539801bf15dfa06ee6404867d3fd76f0e2a5381f"
  integrity sha512-mb5KYgsc8tH8t+MKy0jQBmCrySgRRxt/eGDbmuidLsORck925f6qZihkM64czARQ47AjY8nJg1URwg0RGdCjsg==
  dependencies:
    "@codama/cli" "1.0.10"
    "@codama/errors" "1.2.11"
    "@codama/nodes" "1.2.11"
    "@codama/validators" "1.2.11"
    "@codama/visitors" "1.2.11"

commander@^12.1.0:
  version "12.1.0"
  resolved "https://registry.yarnpkg.com/commander/-/commander-12.1.0.tgz#01423b36f501259fdaac4d0e4d60c96c991585d3"
  integrity sha512-Vw8qHK3bZM9y/P10u3Vib8o/DdkvA2OtPtZvD871QKjy74Wj1WSKFILMPRPSdUSx5RFK1arlJzEtA4PkFgnbuA==

commander@^13.1.0:
  version "13.1.0"
  resolved "https://registry.yarnpkg.com/commander/-/commander-13.1.0.tgz#776167db68c78f38dcce1f9b8d7b8b9a488abf46"
  integrity sha512-/rFeCpNJQbhSZjGVwO9RFV3xPqbnERS8MmIQzCtD/zl6gpJuV/bMLuN92oG3F7d8oDEHHRrujSXNUr8fpjntKw==

commander@^5.1.0:
  version "5.1.0"
  resolved "https://registry.yarnpkg.com/commander/-/commander-5.1.0.tgz#46abbd1652f8e059bddaef99bbdcb2ad9cf179ae"
  integrity sha512-P0CysNDQ7rtVw4QIQtm+MRxV66vKFSvlsQvGYXZWR3qFU0jlMKHZZZgw8e+8DSah4UDKMqnknRDQz+xuQXQ/Zg==

create-require@^1.1.0:
  version "1.1.1"
  resolved "https://registry.yarnpkg.com/create-require/-/create-require-1.1.1.tgz#c1d7e8f1e5f6cfc9ff65f9cd352d37348756c333"
  integrity sha512-dcKFX3jn0MpIaXjisoRvexIJVEKzaq7z2rZKxf+MSr9TkdmHmsU4m2lcLojrj/FHl8mk5VxMmYA+ftRkP/3oKQ==

define-data-property@^1.1.4:
  version "1.1.4"
  resolved "https://registry.yarnpkg.com/define-data-property/-/define-data-property-1.1.4.tgz#894dc141bb7d3060ae4366f6a0107e68fbe48c5e"
  integrity sha512-rBMvIzlpA8v6E+SJZoo++HAYqsLrkg7MSfIinMPFhmkorw7X+dOXVJQs+QT69zGkzMyfDnIMN2Wid1+NbL3T+A==
  dependencies:
    es-define-property "^1.0.0"
    es-errors "^1.3.0"
    gopd "^1.0.1"

diff@^4.0.1:
  version "4.0.2"
  resolved "https://registry.yarnpkg.com/diff/-/diff-4.0.2.tgz#60f3aecb89d5fae520c11aa19efc2bb982aade7d"
  integrity sha512-58lmxKSA4BNyLz+HHMUzlOEpg09FV+ev6ZMe3vJihgdxzgcwZ8VoEEPmALCZG9LmqfVoNMMKpttIYTVG6uDY7A==

dotenv@^16.5.0:
  version "16.5.0"
  resolved "https://registry.yarnpkg.com/dotenv/-/dotenv-16.5.0.tgz#092b49f25f808f020050051d1ff258e404c78692"
  integrity sha512-m/C+AwOAr9/W1UOIZUo232ejMNnJAJtYQjUbHoNTBNTJSvqzzDh7vnrei3o3r3m9blf6ZoDkvcw0VmozNRFJxg==

dunder-proto@^1.0.1:
  version "1.0.1"
  resolved "https://registry.yarnpkg.com/dunder-proto/-/dunder-proto-1.0.1.tgz#d7ae667e1dc83482f8b70fd0f6eefc50da30f58a"
  integrity sha512-KIN/nDJBQRcXw0MLVhZE9iQHmG68qAVIBg9CqmUYjmQIhgij9U5MFvrqkUL5FbtyyzZuOeOt0zdeRe4UY7ct+A==
  dependencies:
    call-bind-apply-helpers "^1.0.1"
    es-errors "^1.3.0"
    gopd "^1.2.0"

es-define-property@^1.0.0, es-define-property@^1.0.1:
  version "1.0.1"
  resolved "https://registry.yarnpkg.com/es-define-property/-/es-define-property-1.0.1.tgz#983eb2f9a6724e9303f61addf011c72e09e0b0fa"
  integrity sha512-e3nRfgfUZ4rNGL232gUgX06QNyyez04KdjFrF+LTRoOXmrOgFKDg4BCdsjW8EnT69eqdYGmRpJwiPVYNrCaW3g==

es-errors@^1.3.0:
  version "1.3.0"
  resolved "https://registry.yarnpkg.com/es-errors/-/es-errors-1.3.0.tgz#05f75a25dab98e4fb1dcd5e1472c0546d5057c8f"
  integrity sha512-Zf5H2Kxt2xjTvbJvP2ZWLEICxA6j+hAmMzIlypy4xcBg1vKVnx89Wy0GbS+kf5cwCVFFzdCFh2XSCFNULS6csw==

es-object-atoms@^1.0.0, es-object-atoms@^1.1.1:
  version "1.1.1"
  resolved "https://registry.yarnpkg.com/es-object-atoms/-/es-object-atoms-1.1.1.tgz#1c4f2c4837327597ce69d2ca190a7fdd172338c1"
  integrity sha512-FGgH2h8zKNim9ljj7dankFPcICIK9Cp5bm+c2gQSYePhpaG5+esrLODihIorn+Pe6FGJzWhXQotPv73jTaldXA==
  dependencies:
    es-errors "^1.3.0"

function-bind@^1.1.2:
  version "1.1.2"
  resolved "https://registry.yarnpkg.com/function-bind/-/function-bind-1.1.2.tgz#2c02d864d97f3ea6c8830c464cbd11ab6eab7a1c"
  integrity sha512-7XHNxH7qX9xG5mIwxkhumTox/MIRNcOgDrxWsMt2pAr23WHp6MrRlN7FBSFpCpr+oVO0F744iUgR82nJMfG2SA==

get-intrinsic@^1.2.4, get-intrinsic@^1.3.0:
  version "1.3.0"
  resolved "https://registry.yarnpkg.com/get-intrinsic/-/get-intrinsic-1.3.0.tgz#743f0e3b6964a93a5491ed1bffaae054d7f98d01"
  integrity sha512-9fSjSaos/fRIVIp+xSJlE6lfwhES7LNtKaCBIamHsjr2na1BiABJPo0mOjjz8GJDURarmCPGqaiVg5mfjb98CQ==
  dependencies:
    call-bind-apply-helpers "^1.0.2"
    es-define-property "^1.0.1"
    es-errors "^1.3.0"
    es-object-atoms "^1.1.1"
    function-bind "^1.1.2"
    get-proto "^1.0.1"
    gopd "^1.2.0"
    has-symbols "^1.1.0"
    hasown "^2.0.2"
    math-intrinsics "^1.1.0"

get-proto@^1.0.1:
  version "1.0.1"
  resolved "https://registry.yarnpkg.com/get-proto/-/get-proto-1.0.1.tgz#150b3f2743869ef3e851ec0c49d15b1d14d00ee1"
  integrity sha512-sTSfBjoXBp89JvIKIefqw7U2CCebsc74kiY6awiGogKtoSGbgjYE/G/+l9sF3MWFPNc9IcoOC4ODfKHfxFmp0g==
  dependencies:
    dunder-proto "^1.0.1"
    es-object-atoms "^1.0.0"

gopd@^1.0.1, gopd@^1.2.0:
  version "1.2.0"
  resolved "https://registry.yarnpkg.com/gopd/-/gopd-1.2.0.tgz#89f56b8217bdbc8802bd299df6d7f1081d7e51a1"
  integrity sha512-ZUKRh6/kUFoAiTAtTYPZJ3hw9wNxx+BIBOijnlG9PnrJsCcSjs1wyyD6vJpaYtgnzDrKYRSqf3OO6Rfa93xsRg==

has-property-descriptors@^1.0.2:
  version "1.0.2"
  resolved "https://registry.yarnpkg.com/has-property-descriptors/-/has-property-descriptors-1.0.2.tgz#963ed7d071dc7bf5f084c5bfbe0d1b6222586854"
  integrity sha512-55JNKuIW+vq4Ke1BjOTjM2YctQIvCT7GFzHwmfZPGo5wnrgkid0YQtnAleFSqumZm4az3n2BS+erby5ipJdgrg==
  dependencies:
    es-define-property "^1.0.0"

has-symbols@^1.1.0:
  version "1.1.0"
  resolved "https://registry.yarnpkg.com/has-symbols/-/has-symbols-1.1.0.tgz#fc9c6a783a084951d0b971fe1018de813707a338"
  integrity sha512-1cDNdwJ2Jaohmb3sg4OmKaMBwuC48sYni5HUw2DvsC8LjGTLK9h+eb1X6RyuOHe4hT0ULCW68iomhjUoKUqlPQ==

hasown@^2.0.2:
  version "2.0.2"
  resolved "https://registry.yarnpkg.com/hasown/-/hasown-2.0.2.tgz#003eaf91be7adc372e84ec59dc37252cedb80003"
  integrity sha512-0hJU9SCPvmMzIBdZFqNPXWa6dqh7WdH0cII9y+CyS8rG3nL48Bclra9HmKhVVUHyPWNH5Y7xDwAB7bfgSjkUMQ==
  dependencies:
    function-bind "^1.1.2"

isarray@^2.0.5:
  version "2.0.5"
  resolved "https://registry.yarnpkg.com/isarray/-/isarray-2.0.5.tgz#8af1e4c1221244cc62459faf38940d4e644a5723"
  integrity sha512-xHjhDr3cNBK0BzdUJSPXZntQUx/mwMS5Rw4A7lPJ90XGAO6ISP/ePDNuo0vhqOZU+UD5JoodwCAAoZQd3FeAKw==

json-stable-stringify@^1.2.1:
  version "1.2.1"
  resolved "https://registry.yarnpkg.com/json-stable-stringify/-/json-stable-stringify-1.2.1.tgz#addb683c2b78014d0b78d704c2fcbdf0695a60e2"
  integrity sha512-Lp6HbbBgosLmJbjx0pBLbgvx68FaFU1sdkmBuckmhhJ88kL13OA51CDtR2yJB50eCNMH9wRqtQNNiAqQH4YXnA==
  dependencies:
    call-bind "^1.0.8"
    call-bound "^1.0.3"
    isarray "^2.0.5"
    jsonify "^0.0.1"
    object-keys "^1.1.1"

jsonify@^0.0.1:
  version "0.0.1"
  resolved "https://registry.yarnpkg.com/jsonify/-/jsonify-0.0.1.tgz#2aa3111dae3d34a0f151c63f3a45d995d9420978"
  integrity sha512-2/Ki0GcmuqSrgFyelQq9M05y7PS0mEwuIzrf3f1fPqkVDVRvZrPZtVSMHxdgo8Aq0sxAOb/cr2aqqA3LeWHVPg==

kleur@^3.0.3:
  version "3.0.3"
  resolved "https://registry.yarnpkg.com/kleur/-/kleur-3.0.3.tgz#a79c9ecc86ee1ce3fa6206d1216c501f147fc07e"
  integrity sha512-eTIzlVOSUR+JxdDFepEYcBMtZ9Qqdef+rnzWdRZuMbOywu5tO2w2N7rqjoANZ5k9vywhL6Br1VRjUIgTQx4E8w==

make-error@^1.1.1:
  version "1.3.6"
  resolved "https://registry.yarnpkg.com/make-error/-/make-error-1.3.6.tgz#2eb2e37ea9b67c4891f684a1394799af484cf7a2"
  integrity sha512-s8UhlNe7vPKomQhC1qFelMokr/Sc3AgNbso3n74mVPA5LTZwkB9NlXf4XPamLxJE8h0gh73rM94xvwRT2CVInw==

math-intrinsics@^1.1.0:
  version "1.1.0"
  resolved "https://registry.yarnpkg.com/math-intrinsics/-/math-intrinsics-1.1.0.tgz#a0dd74be81e2aa5c2f27e65ce283605ee4e2b7f9"
  integrity sha512-/IXtbwEk5HTPyEwyKX6hGkYXxM9nbj64B+ilVJnC/R6B0pH5G4V3b0pVbL7DBj4tkhBAppbQUlf6F6Xl9LHu1g==

nunjucks@^3.2.4:
  version "3.2.4"
  resolved "https://registry.yarnpkg.com/nunjucks/-/nunjucks-3.2.4.tgz#f0878eef528ce7b0aa35d67cc6898635fd74649e"
  integrity sha512-26XRV6BhkgK0VOxfbU5cQI+ICFUtMLixv1noZn1tGU38kQH5A5nmmbk/O45xdyBhD1esk47nKrY0mvQpZIhRjQ==
  dependencies:
    a-sync-waterfall "^1.0.0"
    asap "^2.0.3"
    commander "^5.1.0"

object-keys@^1.1.1:
  version "1.1.1"
  resolved "https://registry.yarnpkg.com/object-keys/-/object-keys-1.1.1.tgz#1c47f272df277f3b1daf061677d9c82e2322c60e"
  integrity sha512-NuAESUOUMrlIXOfHKzD6bpPu3tYt3xvjNdRIQ+FeT0lNb4K8WR70CaDxhuNguS2XG+GjkyMwOzsN5ZktImfhLA==

picocolors@^1.1.1:
  version "1.1.1"
  resolved "https://registry.yarnpkg.com/picocolors/-/picocolors-1.1.1.tgz#3d321af3eab939b083c8f929a1d12cda81c26b6b"
  integrity sha512-xceH2snhtb5M9liqDsmEw56le376mTZkEX/jEb/RxNFyegNul7eNslCXP9FDj/Lcu0X8KEyMceP2ntpaHrDEVA==

prettier@^3.5.3:
  version "3.5.3"
  resolved "https://registry.yarnpkg.com/prettier/-/prettier-3.5.3.tgz#4fc2ce0d657e7a02e602549f053b239cb7dfe1b5"
  integrity sha512-QQtaxnoDJeAkDvDKWCLiwIXkTgRhwYDEQCghU9Z6q03iyek/rxRh/2lC3HB7P8sWT2xC/y5JDctPLBIGzHKbhw==

prompts@^2.4.2:
  version "2.4.2"
  resolved "https://registry.yarnpkg.com/prompts/-/prompts-2.4.2.tgz#7b57e73b3a48029ad10ebd44f74b01722a4cb069"
  integrity sha512-NxNv/kLguCA7p3jE8oL2aEBsrJWgAakBpgmgK6lpPWV+WuOmY6r2/zbAVnP+T8bQlA0nzHXSJSJW0Hq7ylaD2Q==
  dependencies:
    kleur "^3.0.3"
    sisteransi "^1.0.5"

set-function-length@^1.2.2:
  version "1.2.2"
  resolved "https://registry.yarnpkg.com/set-function-length/-/set-function-length-1.2.2.tgz#aac72314198eaed975cf77b2c3b6b880695e5449"
  integrity sha512-pgRc4hJ4/sNjWCSS9AmnS40x3bNMDTknHgL5UaMBTMyJnU90EgWh1Rz+MC9eFu4BuN/UwZjKQuY/1v3rM7HMfg==
  dependencies:
    define-data-property "^1.1.4"
    es-errors "^1.3.0"
    function-bind "^1.1.2"
    get-intrinsic "^1.2.4"
    gopd "^1.0.1"
    has-property-descriptors "^1.0.2"

sisteransi@^1.0.5:
  version "1.0.5"
  resolved "https://registry.yarnpkg.com/sisteransi/-/sisteransi-1.0.5.tgz#134d681297756437cc05ca01370d3a7a571075ed"
  integrity sha512-bLGGlR1QxBcynn2d5YmDX4MGjlZvy2MRBDRNHLJ8VI6l6+9FUiyTFNJ0IveOSP0bcXgVDPRcfGqA0pjaqUpfVg==

ts-node@^10.9.2:
  version "10.9.2"
  resolved "https://registry.yarnpkg.com/ts-node/-/ts-node-10.9.2.tgz#70f021c9e185bccdca820e26dc413805c101c71f"
  integrity sha512-f0FFpIdcHgn8zcPSbf1dRevwt047YMnaiJM3u2w2RewrB+fob/zePZcrOyQoLMMO7aBIddLcQIEK5dYjkLnGrQ==
  dependencies:
    "@cspotcode/source-map-support" "^0.8.0"
    "@tsconfig/node10" "^1.0.7"
    "@tsconfig/node12" "^1.0.7"
    "@tsconfig/node14" "^1.0.0"
    "@tsconfig/node16" "^1.0.2"
    acorn "^8.4.1"
    acorn-walk "^8.1.1"
    arg "^4.1.0"
    create-require "^1.1.0"
    diff "^4.0.1"
    make-error "^1.1.1"
    v8-compile-cache-lib "^3.0.1"
    yn "3.1.1"

typescript@^5.8.3:
  version "5.8.3"
  resolved "https://registry.yarnpkg.com/typescript/-/typescript-5.8.3.tgz#92f8a3e5e3cf497356f4178c34cd65a7f5e8440e"
  integrity sha512-p1diW6TqL9L07nNxvRMM7hMMw4c5XOo/1ibL4aAIGmSAt9slTE1Xgw5KWuof2uTOvCg9BY7ZRi+GaF+7sfgPeQ==

undici-types@^7.3.0:
  version "7.8.0"
  resolved "https://registry.yarnpkg.com/undici-types/-/undici-types-7.8.0.tgz#de00b85b710c54122e44fbfd911f8d70174cd294"
  integrity sha512-9UJ2xGDvQ43tYyVMpuHlsgApydB8ZKfVYTsLDhXkFL/6gfkp+U8xTGdh8pMJv1SpZna0zxG1DwsKZsreLbXBxw==

undici-types@~6.21.0:
  version "6.21.0"
  resolved "https://registry.yarnpkg.com/undici-types/-/undici-types-6.21.0.tgz#691d00af3909be93a7faa13be61b3a5b50ef12cb"
  integrity sha512-iwDZqg0QAGrg9Rav5H4n0M64c3mkR59cJ6wQp+7C4nI0gsmExaedaYLNO44eT4AtBBwjbTiGPMlt2Md0T9H9JQ==

v8-compile-cache-lib@^3.0.1:
  version "3.0.1"
  resolved "https://registry.yarnpkg.com/v8-compile-cache-lib/-/v8-compile-cache-lib-3.0.1.tgz#6336e8d71965cb3d35a1bbb7868445a7c05264bf"
  integrity sha512-wa7YjyUGfNZngI/vtK0UHAN+lgDCxBPCylVXGp0zu59Fz5aiGtNXaq3DhIov063MorB+VfufLh3JlF2KdTK3xg==

ws@^8.18.1:
  version "8.18.1"
  resolved "https://registry.yarnpkg.com/ws/-/ws-8.18.1.tgz#ea131d3784e1dfdff91adb0a4a116b127515e3cb"
  integrity sha512-RKW2aJZMXeMxVpnZ6bck+RswznaxmzdULiBr6KY7XkTnW8uvt0iT9H5DkHUChXrc+uurzwa0rVI16n/Xzjdz1w==

yn@3.1.1:
  version "3.1.1"
  resolved "https://registry.yarnpkg.com/yn/-/yn-3.1.1.tgz#1e87401a09d767c1d5eab26a6e4c185182d2eb50"
  integrity sha512-Ux4ygGWsu2c7isFWe8Yu1YluJmqVhxqK2cLXNQA5AcC3QfbGNpM7fu0Y8b/z16pXLnFxZYvWhd3fhBY9DLmC6Q==
